// !$*UTF8*$!
{
	archiveVersion = 1;
	classes = {
	};
	objectVersion = 50;
	objects = {

/* Begin PBXBuildFile section */
		D730FA8A24CD48FB000EA8AF /* AppDelegate.swift in Sources */ = {isa = PBXBuildFile; fileRef = D730FA8924CD48FB000EA8AF /* AppDelegate.swift */; };
		D730FA8C24CD48FB000EA8AF /* SceneDelegate.swift in Sources */ = {isa = PBXBuildFile; fileRef = D730FA8B24CD48FB000EA8AF /* SceneDelegate.swift */; };
		D730FA8E24CD48FB000EA8AF /* ViewController.swift in Sources */ = {isa = PBXBuildFile; fileRef = D730FA8D24CD48FB000EA8AF /* ViewController.swift */; };
		D730FA9124CD48FB000EA8AF /* Main.storyboard in Resources */ = {isa = PBXBuildFile; fileRef = D730FA8F24CD48FB000EA8AF /* Main.storyboard */; };
		D730FA9424CD48FB000EA8AF /* Lokowl.xcdatamodeld in Sources */ = {isa = PBXBuildFile; fileRef = D730FA9224CD48FB000EA8AF /* Lokowl.xcdatamodeld */; };
		D730FA9624CD48FD000EA8AF /* Assets.xcassets in Resources */ = {isa = PBXBuildFile; fileRef = D730FA9524CD48FD000EA8AF /* Assets.xcassets */; };
		D730FA9924CD48FD000EA8AF /* LaunchScreen.storyboard in Resources */ = {isa = PBXBuildFile; fileRef = D730FA9724CD48FD000EA8AF /* LaunchScreen.storyboard */; };
		D730FAA424CD48FD000EA8AF /* LokowlTests.swift in Sources */ = {isa = PBXBuildFile; fileRef = D730FAA324CD48FD000EA8AF /* LokowlTests.swift */; };
		D730FAAF24CD48FD000EA8AF /* LokowlUITests.swift in Sources */ = {isa = PBXBuildFile; fileRef = D730FAAE24CD48FD000EA8AF /* LokowlUITests.swift */; };
/* End PBXBuildFile section */

/* Begin PBXContainerItemProxy section */
		D730FAA024CD48FD000EA8AF /* PBXContainerItemProxy */ = {
			isa = PBXContainerItemProxy;
			containerPortal = D730FA7E24CD48FB000EA8AF /* Project object */;
			proxyType = 1;
			remoteGlobalIDString = D730FA8524CD48FB000EA8AF;
			remoteInfo = Lokowl;
		};
		D730FAAB24CD48FD000EA8AF /* PBXContainerItemProxy */ = {
			isa = PBXContainerItemProxy;
			containerPortal = D730FA7E24CD48FB000EA8AF /* Project object */;
			proxyType = 1;
			remoteGlobalIDString = D730FA8524CD48FB000EA8AF;
			remoteInfo = Lokowl;
		};
/* End PBXContainerItemProxy section */

/* Begin PBXFileReference section */
		D730FA8624CD48FB000EA8AF /* Lokowl.app */ = {isa = PBXFileReference; explicitFileType = wrapper.application; includeInIndex = 0; path = Lokowl.app; sourceTree = BUILT_PRODUCTS_DIR; };
		D730FA8924CD48FB000EA8AF /* AppDelegate.swift */ = {isa = PBXFileReference; lastKnownFileType = sourcecode.swift; path = AppDelegate.swift; sourceTree = "<group>"; };
		D730FA8B24CD48FB000EA8AF /* SceneDelegate.swift */ = {isa = PBXFileReference; lastKnownFileType = sourcecode.swift; path = SceneDelegate.swift; sourceTree = "<group>"; };
		D730FA8D24CD48FB000EA8AF /* ViewController.swift */ = {isa = PBXFileReference; lastKnownFileType = sourcecode.swift; path = ViewController.swift; sourceTree = "<group>"; };
		D730FA9024CD48FB000EA8AF /* Base */ = {isa = PBXFileReference; lastKnownFileType = file.storyboard; name = Base; path = Base.lproj/Main.storyboard; sourceTree = "<group>"; };
		D730FA9324CD48FB000EA8AF /* Lokowl.xcdatamodel */ = {isa = PBXFileReference; lastKnownFileType = wrapper.xcdatamodel; path = Lokowl.xcdatamodel; sourceTree = "<group>"; };
		D730FA9524CD48FD000EA8AF /* Assets.xcassets */ = {isa = PBXFileReference; lastKnownFileType = folder.assetcatalog; path = Assets.xcassets; sourceTree = "<group>"; };
		D730FA9824CD48FD000EA8AF /* Base */ = {isa = PBXFileReference; lastKnownFileType = file.storyboard; name = Base; path = Base.lproj/LaunchScreen.storyboard; sourceTree = "<group>"; };
		D730FA9A24CD48FD000EA8AF /* Info.plist */ = {isa = PBXFileReference; lastKnownFileType = text.plist.xml; path = Info.plist; sourceTree = "<group>"; };
		D730FA9F24CD48FD000EA8AF /* LokowlTests.xctest */ = {isa = PBXFileReference; explicitFileType = wrapper.cfbundle; includeInIndex = 0; path = LokowlTests.xctest; sourceTree = BUILT_PRODUCTS_DIR; };
		D730FAA324CD48FD000EA8AF /* LokowlTests.swift */ = {isa = PBXFileReference; lastKnownFileType = sourcecode.swift; path = LokowlTests.swift; sourceTree = "<group>"; };
		D730FAA524CD48FD000EA8AF /* Info.plist */ = {isa = PBXFileReference; lastKnownFileType = text.plist.xml; path = Info.plist; sourceTree = "<group>"; };
		D730FAAA24CD48FD000EA8AF /* LokowlUITests.xctest */ = {isa = PBXFileReference; explicitFileType = wrapper.cfbundle; includeInIndex = 0; path = LokowlUITests.xctest; sourceTree = BUILT_PRODUCTS_DIR; };
		D730FAAE24CD48FD000EA8AF /* LokowlUITests.swift */ = {isa = PBXFileReference; lastKnownFileType = sourcecode.swift; path = LokowlUITests.swift; sourceTree = "<group>"; };
		D730FAB024CD48FD000EA8AF /* Info.plist */ = {isa = PBXFileReference; lastKnownFileType = text.plist.xml; path = Info.plist; sourceTree = "<group>"; };
/* End PBXFileReference section */

/* Begin PBXFrameworksBuildPhase section */
		D730FA8324CD48FB000EA8AF /* Frameworks */ = {
			isa = PBXFrameworksBuildPhase;
			buildActionMask = 2147483647;
			files = (
			);
			runOnlyForDeploymentPostprocessing = 0;
		};
		D730FA9C24CD48FD000EA8AF /* Frameworks */ = {
			isa = PBXFrameworksBuildPhase;
			buildActionMask = 2147483647;
			files = (
			);
			runOnlyForDeploymentPostprocessing = 0;
		};
		D730FAA724CD48FD000EA8AF /* Frameworks */ = {
			isa = PBXFrameworksBuildPhase;
			buildActionMask = 2147483647;
			files = (
			);
			runOnlyForDeploymentPostprocessing = 0;
		};
/* End PBXFrameworksBuildPhase section */

/* Begin PBXGroup section */
		D730FA7D24CD48FB000EA8AF = {
			isa = PBXGroup;
			children = (
				D730FA8824CD48FB000EA8AF /* Lokowl */,
				D730FAA224CD48FD000EA8AF /* LokowlTests */,
				D730FAAD24CD48FD000EA8AF /* LokowlUITests */,
				D730FA8724CD48FB000EA8AF /* Products */,
			);
			sourceTree = "<group>";
		};
		D730FA8724CD48FB000EA8AF /* Products */ = {
			isa = PBXGroup;
			children = (
				D730FA8624CD48FB000EA8AF /* Lokowl.app */,
				D730FA9F24CD48FD000EA8AF /* LokowlTests.xctest */,
				D730FAAA24CD48FD000EA8AF /* LokowlUITests.xctest */,
			);
			name = Products;
			sourceTree = "<group>";
		};
		D730FA8824CD48FB000EA8AF /* Lokowl */ = {
			isa = PBXGroup;
			children = (
				D730FA8924CD48FB000EA8AF /* AppDelegate.swift */,
				D730FA8B24CD48FB000EA8AF /* SceneDelegate.swift */,
				D730FA8D24CD48FB000EA8AF /* ViewController.swift */,
				D730FA8F24CD48FB000EA8AF /* Main.storyboard */,
				D730FA9524CD48FD000EA8AF /* Assets.xcassets */,
				D730FA9724CD48FD000EA8AF /* LaunchScreen.storyboard */,
				D730FA9A24CD48FD000EA8AF /* Info.plist */,
				D730FA9224CD48FB000EA8AF /* Lokowl.xcdatamodeld */,
			);
			path = Lokowl;
			sourceTree = "<group>";
		};
		D730FAA224CD48FD000EA8AF /* LokowlTests */ = {
			isa = PBXGroup;
			children = (
				D730FAA324CD48FD000EA8AF /* LokowlTests.swift */,
				D730FAA524CD48FD000EA8AF /* Info.plist */,
			);
			path = LokowlTests;
			sourceTree = "<group>";
		};
		D730FAAD24CD48FD000EA8AF /* LokowlUITests */ = {
			isa = PBXGroup;
			children = (
				D730FAAE24CD48FD000EA8AF /* LokowlUITests.swift */,
				D730FAB024CD48FD000EA8AF /* Info.plist */,
			);
			path = LokowlUITests;
			sourceTree = "<group>";
		};
/* End PBXGroup section */

/* Begin PBXNativeTarget section */
		D730FA8524CD48FB000EA8AF /* Lokowl */ = {
			isa = PBXNativeTarget;
			buildConfigurationList = D730FAB324CD48FD000EA8AF /* Build configuration list for PBXNativeTarget "Lokowl" */;
			buildPhases = (
				D730FA8224CD48FB000EA8AF /* Sources */,
				D730FA8324CD48FB000EA8AF /* Frameworks */,
				D730FA8424CD48FB000EA8AF /* Resources */,
			);
			buildRules = (
			);
			dependencies = (
			);
			name = Lokowl;
			productName = Lokowl;
			productReference = D730FA8624CD48FB000EA8AF /* Lokowl.app */;
			productType = "com.apple.product-type.application";
		};
		D730FA9E24CD48FD000EA8AF /* LokowlTests */ = {
			isa = PBXNativeTarget;
			buildConfigurationList = D730FAB624CD48FD000EA8AF /* Build configuration list for PBXNativeTarget "LokowlTests" */;
			buildPhases = (
				D730FA9B24CD48FD000EA8AF /* Sources */,
				D730FA9C24CD48FD000EA8AF /* Frameworks */,
				D730FA9D24CD48FD000EA8AF /* Resources */,
			);
			buildRules = (
			);
			dependencies = (
				D730FAA124CD48FD000EA8AF /* PBXTargetDependency */,
			);
			name = LokowlTests;
			productName = LokowlTests;
			productReference = D730FA9F24CD48FD000EA8AF /* LokowlTests.xctest */;
			productType = "com.apple.product-type.bundle.unit-test";
		};
		D730FAA924CD48FD000EA8AF /* LokowlUITests */ = {
			isa = PBXNativeTarget;
			buildConfigurationList = D730FAB924CD48FD000EA8AF /* Build configuration list for PBXNativeTarget "LokowlUITests" */;
			buildPhases = (
				D730FAA624CD48FD000EA8AF /* Sources */,
				D730FAA724CD48FD000EA8AF /* Frameworks */,
				D730FAA824CD48FD000EA8AF /* Resources */,
			);
			buildRules = (
			);
			dependencies = (
				D730FAAC24CD48FD000EA8AF /* PBXTargetDependency */,
			);
			name = LokowlUITests;
			productName = LokowlUITests;
			productReference = D730FAAA24CD48FD000EA8AF /* LokowlUITests.xctest */;
			productType = "com.apple.product-type.bundle.ui-testing";
		};
/* End PBXNativeTarget section */

/* Begin PBXProject section */
		D730FA7E24CD48FB000EA8AF /* Project object */ = {
			isa = PBXProject;
			attributes = {
				LastSwiftUpdateCheck = 1130;
				LastUpgradeCheck = 1130;
				ORGANIZATIONNAME = "RedRooster Technologies Inc.";
				TargetAttributes = {
					D730FA8524CD48FB000EA8AF = {
						CreatedOnToolsVersion = 11.3.1;
					};
					D730FA9E24CD48FD000EA8AF = {
						CreatedOnToolsVersion = 11.3.1;
						TestTargetID = D730FA8524CD48FB000EA8AF;
					};
					D730FAA924CD48FD000EA8AF = {
						CreatedOnToolsVersion = 11.3.1;
						TestTargetID = D730FA8524CD48FB000EA8AF;
					};
				};
			};
			buildConfigurationList = D730FA8124CD48FB000EA8AF /* Build configuration list for PBXProject "Lokowl" */;
			compatibilityVersion = "Xcode 9.3";
			developmentRegion = en;
			hasScannedForEncodings = 0;
			knownRegions = (
				en,
				Base,
			);
			mainGroup = D730FA7D24CD48FB000EA8AF;
			productRefGroup = D730FA8724CD48FB000EA8AF /* Products */;
			projectDirPath = "";
			projectRoot = "";
			targets = (
				D730FA8524CD48FB000EA8AF /* Lokowl */,
				D730FA9E24CD48FD000EA8AF /* LokowlTests */,
				D730FAA924CD48FD000EA8AF /* LokowlUITests */,
			);
		};
/* End PBXProject section */

/* Begin PBXResourcesBuildPhase section */
		D730FA8424CD48FB000EA8AF /* Resources */ = {
			isa = PBXResourcesBuildPhase;
			buildActionMask = 2147483647;
			files = (
				D730FA9924CD48FD000EA8AF /* LaunchScreen.storyboard in Resources */,
				D730FA9624CD48FD000EA8AF /* Assets.xcassets in Resources */,
				D730FA9124CD48FB000EA8AF /* Main.storyboard in Resources */,
			);
			runOnlyForDeploymentPostprocessing = 0;
		};
		D730FA9D24CD48FD000EA8AF /* Resources */ = {
			isa = PBXResourcesBuildPhase;
			buildActionMask = 2147483647;
			files = (
			);
			runOnlyForDeploymentPostprocessing = 0;
		};
		D730FAA824CD48FD000EA8AF /* Resources */ = {
			isa = PBXResourcesBuildPhase;
			buildActionMask = 2147483647;
			files = (
			);
			runOnlyForDeploymentPostprocessing = 0;
		};
/* End PBXResourcesBuildPhase section */

/* Begin PBXSourcesBuildPhase section */
		D730FA8224CD48FB000EA8AF /* Sources */ = {
			isa = PBXSourcesBuildPhase;
			buildActionMask = 2147483647;
			files = (
				D730FA8E24CD48FB000EA8AF /* ViewController.swift in Sources */,
				D730FA8A24CD48FB000EA8AF /* AppDelegate.swift in Sources */,
				D730FA8C24CD48FB000EA8AF /* SceneDelegate.swift in Sources */,
				D730FA9424CD48FB000EA8AF /* Lokowl.xcdatamodeld in Sources */,
			);
			runOnlyForDeploymentPostprocessing = 0;
		};
		D730FA9B24CD48FD000EA8AF /* Sources */ = {
			isa = PBXSourcesBuildPhase;
			buildActionMask = 2147483647;
			files = (
				D730FAA424CD48FD000EA8AF /* LokowlTests.swift in Sources */,
			);
			runOnlyForDeploymentPostprocessing = 0;
		};
		D730FAA624CD48FD000EA8AF /* Sources */ = {
			isa = PBXSourcesBuildPhase;
			buildActionMask = 2147483647;
			files = (
				D730FAAF24CD48FD000EA8AF /* LokowlUITests.swift in Sources */,
			);
			runOnlyForDeploymentPostprocessing = 0;
		};
/* End PBXSourcesBuildPhase section */

/* Begin PBXTargetDependency section */
		D730FAA124CD48FD000EA8AF /* PBXTargetDependency */ = {
			isa = PBXTargetDependency;
			target = D730FA8524CD48FB000EA8AF /* Lokowl */;
			targetProxy = D730FAA024CD48FD000EA8AF /* PBXContainerItemProxy */;
		};
		D730FAAC24CD48FD000EA8AF /* PBXTargetDependency */ = {
			isa = PBXTargetDependency;
			target = D730FA8524CD48FB000EA8AF /* Lokowl */;
			targetProxy = D730FAAB24CD48FD000EA8AF /* PBXContainerItemProxy */;
		};
/* End PBXTargetDependency section */

/* Begin PBXVariantGroup section */
		D730FA8F24CD48FB000EA8AF /* Main.storyboard */ = {
			isa = PBXVariantGroup;
			children = (
				D730FA9024CD48FB000EA8AF /* Base */,
			);
			name = Main.storyboard;
			sourceTree = "<group>";
		};
		D730FA9724CD48FD000EA8AF /* LaunchScreen.storyboard */ = {
			isa = PBXVariantGroup;
			children = (
				D730FA9824CD48FD000EA8AF /* Base */,
			);
			name = LaunchScreen.storyboard;
			sourceTree = "<group>";
		};
/* End PBXVariantGroup section */

/* Begin XCBuildConfiguration section */
		D730FAB124CD48FD000EA8AF /* Debug */ = {
			isa = XCBuildConfiguration;
			buildSettings = {
				ALWAYS_SEARCH_USER_PATHS = NO;
				CLANG_ANALYZER_NONNULL = YES;
				CLANG_ANALYZER_NUMBER_OBJECT_CONVERSION = YES_AGGRESSIVE;
				CLANG_CXX_LANGUAGE_STANDARD = "gnu++14";
				CLANG_CXX_LIBRARY = "libc++";
				CLANG_ENABLE_MODULES = YES;
				CLANG_ENABLE_OBJC_ARC = YES;
				CLANG_ENABLE_OBJC_WEAK = YES;
				CLANG_WARN_BLOCK_CAPTURE_AUTORELEASING = YES;
				CLANG_WARN_BOOL_CONVERSION = YES;
				CLANG_WARN_COMMA = YES;
				CLANG_WARN_CONSTANT_CONVERSION = YES;
				CLANG_WARN_DEPRECATED_OBJC_IMPLEMENTATIONS = YES;
				CLANG_WARN_DIRECT_OBJC_ISA_USAGE = YES_ERROR;
				CLANG_WARN_DOCUMENTATION_COMMENTS = YES;
				CLANG_WARN_EMPTY_BODY = YES;
				CLANG_WARN_ENUM_CONVERSION = YES;
				CLANG_WARN_INFINITE_RECURSION = YES;
				CLANG_WARN_INT_CONVERSION = YES;
				CLANG_WARN_NON_LITERAL_NULL_CONVERSION = YES;
				CLANG_WARN_OBJC_IMPLICIT_RETAIN_SELF = YES;
				CLANG_WARN_OBJC_LITERAL_CONVERSION = YES;
				CLANG_WARN_OBJC_ROOT_CLASS = YES_ERROR;
				CLANG_WARN_RANGE_LOOP_ANALYSIS = YES;
				CLANG_WARN_STRICT_PROTOTYPES = YES;
				CLANG_WARN_SUSPICIOUS_MOVE = YES;
				CLANG_WARN_UNGUARDED_AVAILABILITY = YES_AGGRESSIVE;
				CLANG_WARN_UNREACHABLE_CODE = YES;
				CLANG_WARN__DUPLICATE_METHOD_MATCH = YES;
				COPY_PHASE_STRIP = NO;
				DEBUG_INFORMATION_FORMAT = dwarf;
				ENABLE_STRICT_OBJC_MSGSEND = YES;
				ENABLE_TESTABILITY = YES;
				GCC_C_LANGUAGE_STANDARD = gnu11;
				GCC_DYNAMIC_NO_PIC = NO;
				GCC_NO_COMMON_BLOCKS = YES;
				GCC_OPTIMIZATION_LEVEL = 0;
				GCC_PREPROCESSOR_DEFINITIONS = (
					"DEBUG=1",
					"$(inherited)",
				);
				GCC_WARN_64_TO_32_BIT_CONVERSION = YES;
				GCC_WARN_ABOUT_RETURN_TYPE = YES_ERROR;
				GCC_WARN_UNDECLARED_SELECTOR = YES;
				GCC_WARN_UNINITIALIZED_AUTOS = YES_AGGRESSIVE;
				GCC_WARN_UNUSED_FUNCTION = YES;
				GCC_WARN_UNUSED_VARIABLE = YES;
				IPHONEOS_DEPLOYMENT_TARGET = 13.2;
				MTL_ENABLE_DEBUG_INFO = INCLUDE_SOURCE;
				MTL_FAST_MATH = YES;
				ONLY_ACTIVE_ARCH = YES;
				SDKROOT = iphoneos;
				SWIFT_ACTIVE_COMPILATION_CONDITIONS = DEBUG;
				SWIFT_OPTIMIZATION_LEVEL = "-Onone";
			};
			name = Debug;
		};
		D730FAB224CD48FD000EA8AF /* Release */ = {
			isa = XCBuildConfiguration;
			buildSettings = {
				ALWAYS_SEARCH_USER_PATHS = NO;
				CLANG_ANALYZER_NONNULL = YES;
				CLANG_ANALYZER_NUMBER_OBJECT_CONVERSION = YES_AGGRESSIVE;
				CLANG_CXX_LANGUAGE_STANDARD = "gnu++14";
				CLANG_CXX_LIBRARY = "libc++";
				CLANG_ENABLE_MODULES = YES;
				CLANG_ENABLE_OBJC_ARC = YES;
				CLANG_ENABLE_OBJC_WEAK = YES;
				CLANG_WARN_BLOCK_CAPTURE_AUTORELEASING = YES;
				CLANG_WARN_BOOL_CONVERSION = YES;
				CLANG_WARN_COMMA = YES;
				CLANG_WARN_CONSTANT_CONVERSION = YES;
				CLANG_WARN_DEPRECATED_OBJC_IMPLEMENTATIONS = YES;
				CLANG_WARN_DIRECT_OBJC_ISA_USAGE = YES_ERROR;
				CLANG_WARN_DOCUMENTATION_COMMENTS = YES;
				CLANG_WARN_EMPTY_BODY = YES;
				CLANG_WARN_ENUM_CONVERSION = YES;
				CLANG_WARN_INFINITE_RECURSION = YES;
				CLANG_WARN_INT_CONVERSION = YES;
				CLANG_WARN_NON_LITERAL_NULL_CONVERSION = YES;
				CLANG_WARN_OBJC_IMPLICIT_RETAIN_SELF = YES;
				CLANG_WARN_OBJC_LITERAL_CONVERSION = YES;
				CLANG_WARN_OBJC_ROOT_CLASS = YES_ERROR;
				CLANG_WARN_RANGE_LOOP_ANALYSIS = YES;
				CLANG_WARN_STRICT_PROTOTYPES = YES;
				CLANG_WARN_SUSPICIOUS_MOVE = YES;
				CLANG_WARN_UNGUARDED_AVAILABILITY = YES_AGGRESSIVE;
				CLANG_WARN_UNREACHABLE_CODE = YES;
				CLANG_WARN__DUPLICATE_METHOD_MATCH = YES;
				COPY_PHASE_STRIP = NO;
				DEBUG_INFORMATION_FORMAT = "dwarf-with-dsym";
				ENABLE_NS_ASSERTIONS = NO;
				ENABLE_STRICT_OBJC_MSGSEND = YES;
				GCC_C_LANGUAGE_STANDARD = gnu11;
				GCC_NO_COMMON_BLOCKS = YES;
				GCC_WARN_64_TO_32_BIT_CONVERSION = YES;
				GCC_WARN_ABOUT_RETURN_TYPE = YES_ERROR;
				GCC_WARN_UNDECLARED_SELECTOR = YES;
				GCC_WARN_UNINITIALIZED_AUTOS = YES_AGGRESSIVE;
				GCC_WARN_UNUSED_FUNCTION = YES;
				GCC_WARN_UNUSED_VARIABLE = YES;
				IPHONEOS_DEPLOYMENT_TARGET = 13.2;
				MTL_ENABLE_DEBUG_INFO = NO;
				MTL_FAST_MATH = YES;
				SDKROOT = iphoneos;
				SWIFT_COMPILATION_MODE = wholemodule;
				SWIFT_OPTIMIZATION_LEVEL = "-O";
				VALIDATE_PRODUCT = YES;
			};
			name = Release;
		};
		D730FAB424CD48FD000EA8AF /* Debug */ = {
			isa = XCBuildConfiguration;
			buildSettings = {
				ASSETCATALOG_COMPILER_APPICON_NAME = AppIcon;
				CODE_SIGN_STYLE = Automatic;
				DEVELOPMENT_TEAM = 2PSWQPK482;
				INFOPLIST_FILE = Lokowl/Info.plist;
				LD_RUNPATH_SEARCH_PATHS = (
					"$(inherited)",
					"@executable_path/Frameworks",
				);
				PRODUCT_BUNDLE_IDENTIFIER = com.lokowl.Lokowl;
				PRODUCT_NAME = "$(TARGET_NAME)";
				SWIFT_VERSION = 5.0;
				TARGETED_DEVICE_FAMILY = "1,2";
			};
			name = Debug;
		};
		D730FAB524CD48FD000EA8AF /* Release */ = {
			isa = XCBuildConfiguration;
			buildSettings = {
				ASSETCATALOG_COMPILER_APPICON_NAME = AppIcon;
				CODE_SIGN_STYLE = Automatic;
				DEVELOPMENT_TEAM = 2PSWQPK482;
				INFOPLIST_FILE = Lokowl/Info.plist;
				LD_RUNPATH_SEARCH_PATHS = (
					"$(inherited)",
					"@executable_path/Frameworks",
				);
				PRODUCT_BUNDLE_IDENTIFIER = com.lokowl.Lokowl;
				PRODUCT_NAME = "$(TARGET_NAME)";
				SWIFT_VERSION = 5.0;
				TARGETED_DEVICE_FAMILY = "1,2";
			};
			name = Release;
		};
		D730FAB724CD48FD000EA8AF /* Debug */ = {
			isa = XCBuildConfiguration;
			buildSettings = {
				ALWAYS_EMBED_SWIFT_STANDARD_LIBRARIES = YES;
				BUNDLE_LOADER = "$(TEST_HOST)";
				CODE_SIGN_STYLE = Automatic;
				DEVELOPMENT_TEAM = 2PSWQPK482;
				INFOPLIST_FILE = LokowlTests/Info.plist;
				IPHONEOS_DEPLOYMENT_TARGET = 13.2;
				LD_RUNPATH_SEARCH_PATHS = (
					"$(inherited)",
					"@executable_path/Frameworks",
					"@loader_path/Frameworks",
				);
				PRODUCT_BUNDLE_IDENTIFIER = com.lokowl.LokowlTests;
				PRODUCT_NAME = "$(TARGET_NAME)";
				SWIFT_VERSION = 5.0;
				TARGETED_DEVICE_FAMILY = "1,2";
				TEST_HOST = "$(BUILT_PRODUCTS_DIR)/Lokowl.app/Lokowl";
			};
			name = Debug;
		};
		D730FAB824CD48FD000EA8AF /* Release */ = {
			isa = XCBuildConfiguration;
			buildSettings = {
				ALWAYS_EMBED_SWIFT_STANDARD_LIBRARIES = YES;
				BUNDLE_LOADER = "$(TEST_HOST)";
				CODE_SIGN_STYLE = Automatic;
				DEVELOPMENT_TEAM = 2PSWQPK482;
				INFOPLIST_FILE = LokowlTests/Info.plist;
				IPHONEOS_DEPLOYMENT_TARGET = 13.2;
				LD_RUNPATH_SEARCH_PATHS = (
					"$(inherited)",
					"@executable_path/Frameworks",
					"@loader_path/Frameworks",
				);
				PRODUCT_BUNDLE_IDENTIFIER = com.lokowl.LokowlTests;
				PRODUCT_NAME = "$(TARGET_NAME)";
				SWIFT_VERSION = 5.0;
				TARGETED_DEVICE_FAMILY = "1,2";
				TEST_HOST = "$(BUILT_PRODUCTS_DIR)/Lokowl.app/Lokowl";
			};
			name = Release;
		};
		D730FABA24CD48FD000EA8AF /* Debug */ = {
			isa = XCBuildConfiguration;
			buildSettings = {
				ALWAYS_EMBED_SWIFT_STANDARD_LIBRARIES = YES;
				CODE_SIGN_STYLE = Automatic;
				DEVELOPMENT_TEAM = 2PSWQPK482;
				INFOPLIST_FILE = LokowlUITests/Info.plist;
				LD_RUNPATH_SEARCH_PATHS = (
					"$(inherited)",
					"@executable_path/Frameworks",
					"@loader_path/Frameworks",
				);
				PRODUCT_BUNDLE_IDENTIFIER = com.lokowl.LokowlUITests;
				PRODUCT_NAME = "$(TARGET_NAME)";
				SWIFT_VERSION = 5.0;
				TARGETED_DEVICE_FAMILY = "1,2";
				TEST_TARGET_NAME = Lokowl;
			};
			name = Debug;
		};
		D730FABB24CD48FD000EA8AF /* Release */ = {
			isa = XCBuildConfiguration;
			buildSettings = {
				ALWAYS_EMBED_SWIFT_STANDARD_LIBRARIES = YES;
				CODE_SIGN_STYLE = Automatic;
				DEVELOPMENT_TEAM = 2PSWQPK482;
				INFOPLIST_FILE = LokowlUITests/Info.plist;
				LD_RUNPATH_SEARCH_PATHS = (
					"$(inherited)",
					"@executable_path/Frameworks",
					"@loader_path/Frameworks",
				);
				PRODUCT_BUNDLE_IDENTIFIER = com.lokowl.LokowlUITests;
				PRODUCT_NAME = "$(TARGET_NAME)";
				SWIFT_VERSION = 5.0;
				TARGETED_DEVICE_FAMILY = "1,2";
				TEST_TARGET_NAME = Lokowl;
			};
			name = Release;
		};
/* End XCBuildConfiguration section */

/* Begin XCConfigurationList section */
		D730FA8124CD48FB000EA8AF /* Build configuration list for PBXProject "Lokowl" */ = {
			isa = XCConfigurationList;
			buildConfigurations = (
				D730FAB124CD48FD000EA8AF /* Debug */,
				D730FAB224CD48FD000EA8AF /* Release */,
			);
			defaultConfigurationIsVisible = 0;
			defaultConfigurationName = Release;
		};
		D730FAB324CD48FD000EA8AF /* Build configuration list for PBXNativeTarget "Lokowl" */ = {
			isa = XCConfigurationList;
			buildConfigurations = (
				D730FAB424CD48FD000EA8AF /* Debug */,
				D730FAB524CD48FD000EA8AF /* Release */,
			);
			defaultConfigurationIsVisible = 0;
			defaultConfigurationName = Release;
		};
		D730FAB624CD48FD000EA8AF /* Build configuration list for PBXNativeTarget "LokowlTests" */ = {
			isa = XCConfigurationList;
			buildConfigurations = (
				D730FAB724CD48FD000EA8AF /* Debug */,
				D730FAB824CD48FD000EA8AF /* Release */,
			);
			defaultConfigurationIsVisible = 0;
			defaultConfigurationName = Release;
		};
		D730FAB924CD48FD000EA8AF /* Build configuration list for PBXNativeTarget "LokowlUITests" */ = {
			isa = XCConfigurationList;
			buildConfigurations = (
				D730FABA24CD48FD000EA8AF /* Debug */,
				D730FABB24CD48FD000EA8AF /* Release */,
			);
			defaultConfigurationIsVisible = 0;
			defaultConfigurationName = Release;
		};
/* End XCConfigurationList section */

/* Begin XCVersionGroup section */
		D730FA9224CD48FB000EA8AF /* Lokowl.xcdatamodeld */ = {
			isa = XCVersionGroup;
			children = (
				D730FA9324CD48FB000EA8AF /* Lokowl.xcdatamodel */,
			);
			currentVersion = D730FA9324CD48FB000EA8AF /* Lokowl.xcdatamodel */;
			path = Lokowl.xcdatamodeld;
			sourceTree = "<group>";
			versionGroupType = wrapper.xcdatamodel;
		};
/* End XCVersionGroup section */
	};
	rootObject = D730FA7E24CD48FB000EA8AF /* Project object */;
}
